
Microsoft Visual Studio Solution File, Format Version 12.00
# Visual Studio Version 16
Project("{2150E333-8FDC-42A3-9474-1A3956D46DE8}") = "CMakePredefinedTargets", "CMakePredefinedTargets", "{E3C39309-0C5A-33CB-9707-3AA90F13DBFB}"
EndProject
Project("{2150E333-8FDC-42A3-9474-1A3956D46DE8}") = "External", "External", "{FA5A4344-060F-3DE9-95EE-4220ECDA4551}"
EndProject
Project("{2150E333-8FDC-42A3-9474-1A3956D46DE8}") = "Internal", "Internal", "{16E15602-66FC-34FB-8F14-0B1A26F96653}"
EndProject
Project("{8BC9CEB8-8B4A-11D0-8D11-00A0C91BC942}") = "ALL_BUILD", "ALL_BUILD.vcxproj", "{3BCAD504-0C84-364D-94C1-BE603CF2ABC1}"
	ProjectSection(ProjectDependencies) = postProject
		{8A52A4AB-6645-3279-B26D-D9D59C2C6250} = {8A52A4AB-6645-3279-B26D-D9D59C2C6250}
		{7C3952FE-43D7-3A77-94ED-10150F6DB8BB} = {7C3952FE-43D7-3A77-94ED-10150F6DB8BB}
		{F6937611-A07D-31C7-BD49-0E38D648D548} = {F6937611-A07D-31C7-BD49-0E38D648D548}
		{7647E86A-8F78-3295-85C9-BFCF07530F4E} = {7647E86A-8F78-3295-85C9-BFCF07530F4E}
		{C05246FA-BF0D-3EE0-864C-A56855753D91} = {C05246FA-BF0D-3EE0-864C-A56855753D91}
		{86A19247-7F35-388F-B8EE-FEBDC3DFD336} = {86A19247-7F35-388F-B8EE-FEBDC3DFD336}
		{C300A970-4371-3804-805E-1C7DDAED6FE7} = {C300A970-4371-3804-805E-1C7DDAED6FE7}
		{044FFBC7-43C2-3708-956B-6E7D37D40D90} = {044FFBC7-43C2-3708-956B-6E7D37D40D90}
		{706DE660-0090-305B-8C77-DF47272601A7} = {706DE660-0090-305B-8C77-DF47272601A7}
		{F843FD9E-4C79-3F8C-9A65-81FF93C2BA3A} = {F843FD9E-4C79-3F8C-9A65-81FF93C2BA3A}
		{DBA165CC-2430-3069-A104-6B4178A3D1CB} = {DBA165CC-2430-3069-A104-6B4178A3D1CB}
		{10AC62CC-64A3-3AF5-AF12-91FAFB8B8B33} = {10AC62CC-64A3-3AF5-AF12-91FAFB8B8B33}
		{5D5AA185-FF35-35F1-BC7C-CD41D0C967BF} = {5D5AA185-FF35-35F1-BC7C-CD41D0C967BF}
		{CAEF6C73-3174-393C-9540-857DA3621280} = {CAEF6C73-3174-393C-9540-857DA3621280}
	EndProjectSection
EndProject
Project("{8BC9CEB8-8B4A-11D0-8D11-00A0C91BC942}") = "SpaceMiner", "SpaceMiner.vcxproj", "{8A52A4AB-6645-3279-B26D-D9D59C2C6250}"
	ProjectSection(ProjectDependencies) = postProject
		{7C3952FE-43D7-3A77-94ED-10150F6DB8BB} = {7C3952FE-43D7-3A77-94ED-10150F6DB8BB}
		{F6937611-A07D-31C7-BD49-0E38D648D548} = {F6937611-A07D-31C7-BD49-0E38D648D548}
		{7647E86A-8F78-3295-85C9-BFCF07530F4E} = {7647E86A-8F78-3295-85C9-BFCF07530F4E}
		{C05246FA-BF0D-3EE0-864C-A56855753D91} = {C05246FA-BF0D-3EE0-864C-A56855753D91}
		{86A19247-7F35-388F-B8EE-FEBDC3DFD336} = {86A19247-7F35-388F-B8EE-FEBDC3DFD336}
		{C300A970-4371-3804-805E-1C7DDAED6FE7} = {C300A970-4371-3804-805E-1C7DDAED6FE7}
		{044FFBC7-43C2-3708-956B-6E7D37D40D90} = {044FFBC7-43C2-3708-956B-6E7D37D40D90}
		{706DE660-0090-305B-8C77-DF47272601A7} = {706DE660-0090-305B-8C77-DF47272601A7}
		{F843FD9E-4C79-3F8C-9A65-81FF93C2BA3A} = {F843FD9E-4C79-3F8C-9A65-81FF93C2BA3A}
		{DBA165CC-2430-3069-A104-6B4178A3D1CB} = {DBA165CC-2430-3069-A104-6B4178A3D1CB}
		{10AC62CC-64A3-3AF5-AF12-91FAFB8B8B33} = {10AC62CC-64A3-3AF5-AF12-91FAFB8B8B33}
		{5D5AA185-FF35-35F1-BC7C-CD41D0C967BF} = {5D5AA185-FF35-35F1-BC7C-CD41D0C967BF}
		{CAEF6C73-3174-393C-9540-857DA3621280} = {CAEF6C73-3174-393C-9540-857DA3621280}
	EndProjectSection
EndProject
Project("{8BC9CEB8-8B4A-11D0-8D11-00A0C91BC942}") = "ZERO_CHECK", "ZERO_CHECK.vcxproj", "{7C3952FE-43D7-3A77-94ED-10150F6DB8BB}"
	ProjectSection(ProjectDependencies) = postProject
	EndProjectSection
EndProject
Project("{8BC9CEB8-8B4A-11D0-8D11-00A0C91BC942}") = "cocos2d", "engine\cocos\core\cocos2d.vcxproj", "{F6937611-A07D-31C7-BD49-0E38D648D548}"
	ProjectSection(ProjectDependencies) = postProject
		{7C3952FE-43D7-3A77-94ED-10150F6DB8BB} = {7C3952FE-43D7-3A77-94ED-10150F6DB8BB}
		{7647E86A-8F78-3295-85C9-BFCF07530F4E} = {7647E86A-8F78-3295-85C9-BFCF07530F4E}
		{C05246FA-BF0D-3EE0-864C-A56855753D91} = {C05246FA-BF0D-3EE0-864C-A56855753D91}
		{86A19247-7F35-388F-B8EE-FEBDC3DFD336} = {86A19247-7F35-388F-B8EE-FEBDC3DFD336}
		{C300A970-4371-3804-805E-1C7DDAED6FE7} = {C300A970-4371-3804-805E-1C7DDAED6FE7}
		{044FFBC7-43C2-3708-956B-6E7D37D40D90} = {044FFBC7-43C2-3708-956B-6E7D37D40D90}
		{706DE660-0090-305B-8C77-DF47272601A7} = {706DE660-0090-305B-8C77-DF47272601A7}
		{F843FD9E-4C79-3F8C-9A65-81FF93C2BA3A} = {F843FD9E-4C79-3F8C-9A65-81FF93C2BA3A}
		{DBA165CC-2430-3069-A104-6B4178A3D1CB} = {DBA165CC-2430-3069-A104-6B4178A3D1CB}
		{10AC62CC-64A3-3AF5-AF12-91FAFB8B8B33} = {10AC62CC-64A3-3AF5-AF12-91FAFB8B8B33}
		{5D5AA185-FF35-35F1-BC7C-CD41D0C967BF} = {5D5AA185-FF35-35F1-BC7C-CD41D0C967BF}
		{CAEF6C73-3174-393C-9540-857DA3621280} = {CAEF6C73-3174-393C-9540-857DA3621280}
	EndProjectSection
EndProject
Project("{8BC9CEB8-8B4A-11D0-8D11-00A0C91BC942}") = "ext_clipper", "engine\external\clipper\ext_clipper.vcxproj", "{7647E86A-8F78-3295-85C9-BFCF07530F4E}"
	ProjectSection(ProjectDependencies) = postProject
		{7C3952FE-43D7-3A77-94ED-10150F6DB8BB} = {7C3952FE-43D7-3A77-94ED-10150F6DB8BB}
	EndProjectSection
EndProject
Project("{8BC9CEB8-8B4A-11D0-8D11-00A0C91BC942}") = "ext_convertUTF", "engine\external\ConvertUTF\ext_convertUTF.vcxproj", "{C05246FA-BF0D-3EE0-864C-A56855753D91}"
	ProjectSection(ProjectDependencies) = postProject
		{7C3952FE-43D7-3A77-94ED-10150F6DB8BB} = {7C3952FE-43D7-3A77-94ED-10150F6DB8BB}
	EndProjectSection
EndProject
Project("{8BC9CEB8-8B4A-11D0-8D11-00A0C91BC942}") = "ext_edtaa3func", "engine\external\edtaa3func\ext_edtaa3func.vcxproj", "{86A19247-7F35-388F-B8EE-FEBDC3DFD336}"
	ProjectSection(ProjectDependencies) = postProject
		{7C3952FE-43D7-3A77-94ED-10150F6DB8BB} = {7C3952FE-43D7-3A77-94ED-10150F6DB8BB}
	EndProjectSection
EndProject
Project("{8BC9CEB8-8B4A-11D0-8D11-00A0C91BC942}") = "ext_md5", "engine\external\md5\ext_md5.vcxproj", "{C300A970-4371-3804-805E-1C7DDAED6FE7}"
	ProjectSection(ProjectDependencies) = postProject
		{7C3952FE-43D7-3A77-94ED-10150F6DB8BB} = {7C3952FE-43D7-3A77-94ED-10150F6DB8BB}
	EndProjectSection
EndProject
Project("{8BC9CEB8-8B4A-11D0-8D11-00A0C91BC942}") = "ext_poly2tri", "engine\external\poly2tri\ext_poly2tri.vcxproj", "{044FFBC7-43C2-3708-956B-6E7D37D40D90}"
	ProjectSection(ProjectDependencies) = postProject
		{7C3952FE-43D7-3A77-94ED-10150F6DB8BB} = {7C3952FE-43D7-3A77-94ED-10150F6DB8BB}
	EndProjectSection
EndProject
Project("{8BC9CEB8-8B4A-11D0-8D11-00A0C91BC942}") = "ext_recast", "engine\external\recast\ext_recast.vcxproj", "{706DE660-0090-305B-8C77-DF47272601A7}"
	ProjectSection(ProjectDependencies) = postProject
		{7C3952FE-43D7-3A77-94ED-10150F6DB8BB} = {7C3952FE-43D7-3A77-94ED-10150F6DB8BB}
	EndProjectSection
EndProject
Project("{8BC9CEB8-8B4A-11D0-8D11-00A0C91BC942}") = "ext_tinyxml2", "engine\external\tinyxml2\ext_tinyxml2.vcxproj", "{F843FD9E-4C79-3F8C-9A65-81FF93C2BA3A}"
	ProjectSection(ProjectDependencies) = postProject
		{7C3952FE-43D7-3A77-94ED-10150F6DB8BB} = {7C3952FE-43D7-3A77-94ED-10150F6DB8BB}
	EndProjectSection
EndProject
Project("{8BC9CEB8-8B4A-11D0-8D11-00A0C91BC942}") = "ext_unzip", "engine\external\unzip\ext_unzip.vcxproj", "{DBA165CC-2430-3069-A104-6B4178A3D1CB}"
	ProjectSection(ProjectDependencies) = postProject
		{7C3952FE-43D7-3A77-94ED-10150F6DB8BB} = {7C3952FE-43D7-3A77-94ED-10150F6DB8BB}
	EndProjectSection
EndProject
Project("{8BC9CEB8-8B4A-11D0-8D11-00A0C91BC942}") = "ext_xxhash", "engine\external\xxhash\ext_xxhash.vcxproj", "{10AC62CC-64A3-3AF5-AF12-91FAFB8B8B33}"
	ProjectSection(ProjectDependencies) = postProject
		{7C3952FE-43D7-3A77-94ED-10150F6DB8BB} = {7C3952FE-43D7-3A77-94ED-10150F6DB8BB}
	EndProjectSection
EndProject
Project("{8BC9CEB8-8B4A-11D0-8D11-00A0C91BC942}") = "ext_xxtea", "engine\external\xxtea\ext_xxtea.vcxproj", "{5D5AA185-FF35-35F1-BC7C-CD41D0C967BF}"
	ProjectSection(ProjectDependencies) = postProject
		{7C3952FE-43D7-3A77-94ED-10150F6DB8BB} = {7C3952FE-43D7-3A77-94ED-10150F6DB8BB}
	EndProjectSection
EndProject
Project("{8BC9CEB8-8B4A-11D0-8D11-00A0C91BC942}") = "external", "engine\external\external.vcxproj", "{CAEF6C73-3174-393C-9540-857DA3621280}"
	ProjectSection(ProjectDependencies) = postProject
		{7C3952FE-43D7-3A77-94ED-10150F6DB8BB} = {7C3952FE-43D7-3A77-94ED-10150F6DB8BB}
		{7647E86A-8F78-3295-85C9-BFCF07530F4E} = {7647E86A-8F78-3295-85C9-BFCF07530F4E}
		{C05246FA-BF0D-3EE0-864C-A56855753D91} = {C05246FA-BF0D-3EE0-864C-A56855753D91}
		{86A19247-7F35-388F-B8EE-FEBDC3DFD336} = {86A19247-7F35-388F-B8EE-FEBDC3DFD336}
		{C300A970-4371-3804-805E-1C7DDAED6FE7} = {C300A970-4371-3804-805E-1C7DDAED6FE7}
		{044FFBC7-43C2-3708-956B-6E7D37D40D90} = {044FFBC7-43C2-3708-956B-6E7D37D40D90}
		{706DE660-0090-305B-8C77-DF47272601A7} = {706DE660-0090-305B-8C77-DF47272601A7}
		{F843FD9E-4C79-3F8C-9A65-81FF93C2BA3A} = {F843FD9E-4C79-3F8C-9A65-81FF93C2BA3A}
		{DBA165CC-2430-3069-A104-6B4178A3D1CB} = {DBA165CC-2430-3069-A104-6B4178A3D1CB}
		{10AC62CC-64A3-3AF5-AF12-91FAFB8B8B33} = {10AC62CC-64A3-3AF5-AF12-91FAFB8B8B33}
		{5D5AA185-FF35-35F1-BC7C-CD41D0C967BF} = {5D5AA185-FF35-35F1-BC7C-CD41D0C967BF}
	EndProjectSection
EndProject
Global
	GlobalSection(SolutionConfigurationPlatforms) = preSolution
		Debug|win32 = Debug|win32
		Release|win32 = Release|win32
	EndGlobalSection
	GlobalSection(ProjectConfigurationPlatforms) = postSolution
		{3BCAD504-0C84-364D-94C1-BE603CF2ABC1}.Debug|win32.ActiveCfg = Debug|win32
		{3BCAD504-0C84-364D-94C1-BE603CF2ABC1}.Release|win32.ActiveCfg = Release|win32
		{8A52A4AB-6645-3279-B26D-D9D59C2C6250}.Debug|win32.ActiveCfg = Debug|win32
		{8A52A4AB-6645-3279-B26D-D9D59C2C6250}.Debug|win32.Build.0 = Debug|win32
		{8A52A4AB-6645-3279-B26D-D9D59C2C6250}.Release|win32.ActiveCfg = Release|win32
		{8A52A4AB-6645-3279-B26D-D9D59C2C6250}.Release|win32.Build.0 = Release|win32
		{7C3952FE-43D7-3A77-94ED-10150F6DB8BB}.Debug|win32.ActiveCfg = Debug|win32
		{7C3952FE-43D7-3A77-94ED-10150F6DB8BB}.Debug|win32.Build.0 = Debug|win32
		{7C3952FE-43D7-3A77-94ED-10150F6DB8BB}.Release|win32.ActiveCfg = Release|win32
		{7C3952FE-43D7-3A77-94ED-10150F6DB8BB}.Release|win32.Build.0 = Release|win32
		{F6937611-A07D-31C7-BD49-0E38D648D548}.Debug|win32.ActiveCfg = Debug|win32
		{F6937611-A07D-31C7-BD49-0E38D648D548}.Debug|win32.Build.0 = Debug|win32
		{F6937611-A07D-31C7-BD49-0E38D648D548}.Release|win32.ActiveCfg = Release|win32
		{F6937611-A07D-31C7-BD49-0E38D648D548}.Release|win32.Build.0 = Release|win32
		{7647E86A-8F78-3295-85C9-BFCF07530F4E}.Debug|win32.ActiveCfg = Debug|win32
		{7647E86A-8F78-3295-85C9-BFCF07530F4E}.Debug|win32.Build.0 = Debug|win32
		{7647E86A-8F78-3295-85C9-BFCF07530F4E}.Release|win32.ActiveCfg = Release|win32
		{7647E86A-8F78-3295-85C9-BFCF07530F4E}.Release|win32.Build.0 = Release|win32
		{C05246FA-BF0D-3EE0-864C-A56855753D91}.Debug|win32.ActiveCfg = Debug|win32
		{C05246FA-BF0D-3EE0-864C-A56855753D91}.Debug|win32.Build.0 = Debug|win32
		{C05246FA-BF0D-3EE0-864C-A56855753D91}.Release|win32.ActiveCfg = Release|win32
		{C05246FA-BF0D-3EE0-864C-A56855753D91}.Release|win32.Build.0 = Release|win32
		{86A19247-7F35-388F-B8EE-FEBDC3DFD336}.Debug|win32.ActiveCfg = Debug|win32
		{86A19247-7F35-388F-B8EE-FEBDC3DFD336}.Debug|win32.Build.0 = Debug|win32
		{86A19247-7F35-388F-B8EE-FEBDC3DFD336}.Release|win32.ActiveCfg = Release|win32
		{86A19247-7F35-388F-B8EE-FEBDC3DFD336}.Release|win32.Build.0 = Release|win32
		{C300A970-4371-3804-805E-1C7DDAED6FE7}.Debug|win32.ActiveCfg = Debug|win32
		{C300A970-4371-3804-805E-1C7DDAED6FE7}.Debug|win32.Build.0 = Debug|win32
		{C300A970-4371-3804-805E-1C7DDAED6FE7}.Release|win32.ActiveCfg = Release|win32
		{C300A970-4371-3804-805E-1C7DDAED6FE7}.Release|win32.Build.0 = Release|win32
		{044FFBC7-43C2-3708-956B-6E7D37D40D90}.Debug|win32.ActiveCfg = Debug|win32
		{044FFBC7-43C2-3708-956B-6E7D37D40D90}.Debug|win32.Build.0 = Debug|win32
		{044FFBC7-43C2-3708-956B-6E7D37D40D90}.Release|win32.ActiveCfg = Release|win32
		{044FFBC7-43C2-3708-956B-6E7D37D40D90}.Release|win32.Build.0 = Release|win32
		{706DE660-0090-305B-8C77-DF47272601A7}.Debug|win32.ActiveCfg = Debug|win32
		{706DE660-0090-305B-8C77-DF47272601A7}.Debug|win32.Build.0 = Debug|win32
		{706DE660-0090-305B-8C77-DF47272601A7}.Release|win32.ActiveCfg = Release|win32
		{706DE660-0090-305B-8C77-DF47272601A7}.Release|win32.Build.0 = Release|win32
		{F843FD9E-4C79-3F8C-9A65-81FF93C2BA3A}.Debug|win32.ActiveCfg = Debug|win32
		{F843FD9E-4C79-3F8C-9A65-81FF93C2BA3A}.Debug|win32.Build.0 = Debug|win32
		{F843FD9E-4C79-3F8C-9A65-81FF93C2BA3A}.Release|win32.ActiveCfg = Release|win32
		{F843FD9E-4C79-3F8C-9A65-81FF93C2BA3A}.Release|win32.Build.0 = Release|win32
		{DBA165CC-2430-3069-A104-6B4178A3D1CB}.Debug|win32.ActiveCfg = Debug|win32
		{DBA165CC-2430-3069-A104-6B4178A3D1CB}.Debug|win32.Build.0 = Debug|win32
		{DBA165CC-2430-3069-A104-6B4178A3D1CB}.Release|win32.ActiveCfg = Release|win32
		{DBA165CC-2430-3069-A104-6B4178A3D1CB}.Release|win32.Build.0 = Release|win32
		{10AC62CC-64A3-3AF5-AF12-91FAFB8B8B33}.Debug|win32.ActiveCfg = Debug|win32
		{10AC62CC-64A3-3AF5-AF12-91FAFB8B8B33}.Debug|win32.Build.0 = Debug|win32
		{10AC62CC-64A3-3AF5-AF12-91FAFB8B8B33}.Release|win32.ActiveCfg = Release|win32
		{10AC62CC-64A3-3AF5-AF12-91FAFB8B8B33}.Release|win32.Build.0 = Release|win32
		{5D5AA185-FF35-35F1-BC7C-CD41D0C967BF}.Debug|win32.ActiveCfg = Debug|win32
		{5D5AA185-FF35-35F1-BC7C-CD41D0C967BF}.Debug|win32.Build.0 = Debug|win32
		{5D5AA185-FF35-35F1-BC7C-CD41D0C967BF}.Release|win32.ActiveCfg = Release|win32
		{5D5AA185-FF35-35F1-BC7C-CD41D0C967BF}.Release|win32.Build.0 = Release|win32
		{CAEF6C73-3174-393C-9540-857DA3621280}.Debug|win32.ActiveCfg = Debug|win32
		{CAEF6C73-3174-393C-9540-857DA3621280}.Debug|win32.Build.0 = Debug|win32
		{CAEF6C73-3174-393C-9540-857DA3621280}.Release|win32.ActiveCfg = Release|win32
		{CAEF6C73-3174-393C-9540-857DA3621280}.Release|win32.Build.0 = Release|win32
	EndGlobalSection
	GlobalSection(NestedProjects) = preSolution
		{3BCAD504-0C84-364D-94C1-BE603CF2ABC1} = {E3C39309-0C5A-33CB-9707-3AA90F13DBFB}
		{7C3952FE-43D7-3A77-94ED-10150F6DB8BB} = {E3C39309-0C5A-33CB-9707-3AA90F13DBFB}
		{7647E86A-8F78-3295-85C9-BFCF07530F4E} = {FA5A4344-060F-3DE9-95EE-4220ECDA4551}
		{C05246FA-BF0D-3EE0-864C-A56855753D91} = {FA5A4344-060F-3DE9-95EE-4220ECDA4551}
		{86A19247-7F35-388F-B8EE-FEBDC3DFD336} = {FA5A4344-060F-3DE9-95EE-4220ECDA4551}
		{C300A970-4371-3804-805E-1C7DDAED6FE7} = {FA5A4344-060F-3DE9-95EE-4220ECDA4551}
		{044FFBC7-43C2-3708-956B-6E7D37D40D90} = {FA5A4344-060F-3DE9-95EE-4220ECDA4551}
		{706DE660-0090-305B-8C77-DF47272601A7} = {FA5A4344-060F-3DE9-95EE-4220ECDA4551}
		{F843FD9E-4C79-3F8C-9A65-81FF93C2BA3A} = {FA5A4344-060F-3DE9-95EE-4220ECDA4551}
		{DBA165CC-2430-3069-A104-6B4178A3D1CB} = {FA5A4344-060F-3DE9-95EE-4220ECDA4551}
		{10AC62CC-64A3-3AF5-AF12-91FAFB8B8B33} = {FA5A4344-060F-3DE9-95EE-4220ECDA4551}
		{5D5AA185-FF35-35F1-BC7C-CD41D0C967BF} = {FA5A4344-060F-3DE9-95EE-4220ECDA4551}
		{CAEF6C73-3174-393C-9540-857DA3621280} = {FA5A4344-060F-3DE9-95EE-4220ECDA4551}
		{F6937611-A07D-31C7-BD49-0E38D648D548} = {16E15602-66FC-34FB-8F14-0B1A26F96653}
	EndGlobalSection
	GlobalSection(ExtensibilityGlobals) = postSolution
		SolutionGuid = {DC7ABA6C-F1DE-3674-B4AB-857C0E6E5F5F}
	EndGlobalSection
	GlobalSection(ExtensibilityAddIns) = postSolution
	EndGlobalSection
EndGlobal
